
Microsoft Visual Studio Solution File, Format Version 12.00
# Visual Studio Version 16
VisualStudioVersion = 16.0.34301.259
MinimumVisualStudioVersion = 10.0.40219.1
Project("{FAE04EC0-301F-11D3-BF4B-00C04F79EFBC}") = "zadanie 13", "zadanie 13\zadanie 13.csproj", "{F7DF7CC2-E403-4389-B891-93E9CF6D6DDF}"
EndProject
Global
	GlobalSection(SolutionConfigurationPlatforms) = preSolution
		Debug|Any CPU = Debug|Any CPU
		Release|Any CPU = Release|Any CPU
	EndGlobalSection
	GlobalSection(ProjectConfigurationPlatforms) = postSolution
		{F7DF7CC2-E403-4389-B891-93E9CF6D6DDF}.Debug|Any CPU.ActiveCfg = Debug|Any CPU
		{F7DF7CC2-E403-4389-B891-93E9CF6D6DDF}.Debug|Any CPU.Build.0 = Debug|Any CPU
		{F7DF7CC2-E403-4389-B891-93E9CF6D6DDF}.Release|Any CPU.ActiveCfg = Release|Any CPU
		{F7DF7CC2-E403-4389-B891-93E9CF6D6DDF}.Release|Any CPU.Build.0 = Release|Any CPU
	EndGlobalSection
	GlobalSection(SolutionProperties) = preSolution
		HideSolutionNode = FALSE
	EndGlobalSection
	GlobalSection(ExtensibilityGlobals) = postSolution
		SolutionGuid = {2A44AE67-A854-4974-AF11-903231E4D51C}
	EndGlobalSection
EndGlobal
